lockfileVersion: '9.0'

settings:
  autoInstallPeers: true
  excludeLinksFromLockfile: false

importers:

  .:
    devDependencies:
      '@fontsource-variable/anybody':
        specifier: ^5.3.0
        version: 5.3.0
      '@fontsource-variable/archivo':
        specifier: ^5.3.0
        version: 5.3.0
      '@fontsource-variable/bitter':
        specifier: ^5.3.0
        version: 5.3.0
      '@fontsource-variable/bodoni-moda':
        specifier: ^5.3.0
        version: 5.3.0
      '@fontsource-variable/cascadia-mono':
        specifier: ^5.3.0
        version: 5.3.0
      '@fontsource-variable/caveat':
        specifier: ^5.3.0
        version: 5.3.0
      '@fontsource-variable/cormorant':
        specifier: ^5.3.0
        version: 5.3.0
      '@fontsource-variable/crimson-pro':
        specifier: ^5.3.0
        version: 5.3.0
      '@fontsource-variable/darker-grotesque':
        specifier: ^5.3.0
        version: 5.3.0
      '@fontsource-variable/dm-sans':
        specifier: ^5.3.0
        version: 5.3.0
      '@fontsource-variable/eb-garamond':
        specifier: ^5.3.0
        version: 5.3.0
      '@fontsource-variable/epilogue':
        specifier: ^5.3.0
        version: 5.3.0
      '@fontsource-variable/figtree':
        specifier: ^5.3.0
        version: 5.3.0
      '@fontsource-variable/fira-code':
        specifier: ^5.3.0
        version: 5.3.0
      '@fontsource-variable/fraunces':
        specifier: ^5.3.0
        version: 5.3.0
      '@fontsource-variable/inconsolata':
        specifier: ^5.3.0
        version: 5.3.0
      '@fontsource-variable/inter':
        specifier: ^5.3.0
        version: 5.3.0
      '@fontsource-variable/jost':
        specifier: ^5.3.0
        version: 5.3.0
      '@fontsource-variable/lexend':
        specifier: ^5.3.0
        version: 5.3.0
      '@fontsource-variable/literata':
        specifier: ^5.3.0
        version: 5.3.0
      '@fontsource-variable/lora':
        specifier: ^5.3.0
        version: 5.3.0
      '@fontsource-variable/manrope':
        specifier: ^5.3.0
        version: 5.3.0
      '@fontsource-variable/martian-mono':
        specifier: ^5.3.0
        version: 5.3.0
      '@fontsource-variable/merriweather':
        specifier: ^5.3.0
        version: 5.3.0
      '@fontsource-variable/montserrat':
        specifier: ^5.3.0
        version: 5.3.0
      '@fontsource-variable/newsreader':
        specifier: ^5.3.0
        version: 5.3.0
      '@fontsource-variable/noto-sans':
        specifier: ^5.3.0
        version: 5.3.0
      '@fontsource-variable/noto-serif':
        specifier: ^5.3.0
        version: 5.3.0
      '@fontsource-variable/open-sans':
        specifier: ^5.3.0
        version: 5.3.0
      '@fontsource-variable/oswald':
        specifier: ^5.3.0
        version: 5.3.0
      '@fontsource-variable/outfit':
        specifier: ^5.3.0
        version: 5.3.0
      '@fontsource-variable/playfair-display':
        specifier: ^5.3.0
        version: 5.3.0
      '@fontsource-variable/plus-jakarta-sans':
        specifier: ^5.3.0
        version: 5.3.0
      '@fontsource-variable/public-sans':
        specifier: ^5.3.0
        version: 5.3.0
      '@fontsource-variable/quicksand':
        specifier: ^5.3.0
        version: 5.3.0
      '@fontsource-variable/raleway':
        specifier: ^5.3.0
        version: 5.3.0
      '@fontsource-variable/recursive':
        specifier: ^5.3.0
        version: 5.3.0
      '@fontsource-variable/red-hat-mono':
        specifier: ^5.3.0
        version: 5.3.0
      '@fontsource-variable/roboto-flex':
        specifier: ^5.3.0
        version: 5.3.0
      '@fontsource-variable/roboto-serif':
        specifier: ^5.3.0
        version: 5.3.0
      '@fontsource-variable/rubik':
        specifier: ^5.3.0
        version: 5.3.0
      '@fontsource-variable/saira':
        specifier: ^5.3.0
        version: 5.3.0
      '@fontsource-variable/shantell-sans':
        specifier: ^5.3.0
        version: 5.3.0
      '@fontsource-variable/sora':
        specifier: ^5.3.0
        version: 5.3.0
      '@fontsource-variable/source-sans-3':
        specifier: ^5.3.0
        version: 5.3.0
      '@fontsource-variable/source-serif-4':
        specifier: ^5.3.0
        version: 5.3.0
      '@fontsource-variable/space-grotesk':
        specifier: ^5.3.0
        version: 5.3.0
      '@fontsource-variable/spline-sans-mono':
        specifier: ^5.3.0
        version: 5.3.0
      '@fontsource-variable/vollkorn':
        specifier: ^5.3.0
        version: 5.3.0
      '@fontsource-variable/work-sans':
        specifier: ^5.3.0
        version: 5.3.0
      '@fontsource/dm-serif-display':
        specifier: ^5.3.0
        version: 5.3.0
      '@fontsource/ibm-plex-mono':
        specifier: ^5.3.0
        version: 5.3.0
      '@fontsource/ibm-plex-sans':
        specifier: ^5.3.0
        version: 5.3.0
      '@fontsource/ibm-plex-serif':
        specifier: ^5.3.0
        version: 5.3.0
      '@fontsource/libre-baskerville':
        specifier: ^5.3.0
        version: 5.3.0
      '@fontsource/ubuntu':
        specifier: ^5.3.0
        version: 5.3.0
      cn-font-split:
        specifier: ^7.4.0
        version: 7.4.0

packages:

  '@fontsource-variable/anybody@5.3.0':
    resolution: {integrity: sha512-3u/FSV3mGv9xW3x+CdK9lAZYT1Y3NaRA1bexeoIuk9s5QE8sD8OOTcofvpPx0Z6M0Fq1WAJ06ZAw8hivdRQWHQ==}

  '@fontsource-variable/archivo@5.3.0':
    resolution: {integrity: sha512-HogK8FJelrD1o7TlZlkIVtHgc20bO5PZRWE7mUeUTdMN055alznQV6/00J00IBeu8FQAH4s3zW9UJNvKExXf+g==}

  '@fontsource-variable/bitter@5.3.0':
    resolution: {integrity: sha512-TNGusdX+fjWE2b8pTG7kH1A615DbjjSj8/PwVm+iyiFiLFtioHXt6eH5jIFE2kmiA3Ogp03jEyZDsukotzC+4Q==}

  '@fontsource-variable/bodoni-moda@5.3.0':
    resolution: {integrity: sha512-yTDXk4+/J8I20KjtkHBbXDQNeE5PR3BZa0gv/YRza+kyxsz+mmg0la/n/hsr6+WvSfVP7Lc8lRTjHGIYwBW43A==}

  '@fontsource-variable/cascadia-mono@5.3.0':
    resolution: {integrity: sha512-yjP6nT+gBbDKIKQnIvGcM6YCESYH1zcYpsYc/Qd8BlRtY1kdX8ZEfuiqW0ATiph6+o566KDxQmgo061SqvH9pA==}

  '@fontsource-variable/caveat@5.3.0':
    resolution: {integrity: sha512-Q3mjghoYIlXgwqBPJKZ4q6f3zu921Gq7UU76r9Z+NAmhapHfX130GIFpOCYf8vt2SIcgCi9RHDT7anfJKg/kiA==}

  '@fontsource-variable/cormorant@5.3.0':
    resolution: {integrity: sha512-S3/jFZ2+Erx8ML5+lo71rYKqVpJF13CZ3yWX7xfjQk1wFcPhT9Gp+l2tnNSLOx5Mzjn3mQmVPutpvx91O2VqpQ==}

  '@fontsource-variable/crimson-pro@5.3.0':
    resolution: {integrity: sha512-CmtGOKsw1H/JcXOcncu8SWOnhWlyLaAMbCVlG9yR5kz95hrxYU3A1+0DxdRbz/MFhCJGxchgqwPxLAlL0cWvdQ==}

  '@fontsource-variable/darker-grotesque@5.3.0':
    resolution: {integrity: sha512-T6CAwgprtSBUZFhfi6NoPKJjib5HI1R38v52636MQPhDntK0LKy2r3OHirpaBOSjNMsZKQ47m1OY0vZk1MmyZQ==}

  '@fontsource-variable/dm-sans@5.3.0':
    resolution: {integrity: sha512-BpUG5bqePiDFMBM4ZtLSlPdAIOM990uB1dlXzIf4aw21yQR7BmykedLXXXMqGWsR18aMLOsbWccwJNh3ztTQaA==}

  '@fontsource-variable/eb-garamond@5.3.0':
    resolution: {integrity: sha512-656OJsA9Vv24yhqRZFEzXnzS2AYgKdEILLgHJYLzzXndgcWFKfSXFqzbRI5/6Yk1Yt7UfWrUeppE5nRQPQMwlQ==}

  '@fontsource-variable/epilogue@5.3.0':
    resolution: {integrity: sha512-atoQ7bIqgDLX+zlxbxmYpNZ7nqkwwZczkhJhWdaX+UBZufhPWP3vrcKaLVaNcCbRyHeSoX/y/HJNGjKhewEsAg==}

  '@fontsource-variable/figtree@5.3.0':
    resolution: {integrity: sha512-VRVodD7OiG7apQwE8/2fMjaqpY/a0qRJqL5HtYj8CKIVps+9amaFcdfKmDIf7iqYQx6iPLlArVXAfKeIZmVcNQ==}

  '@fontsource-variable/fira-code@5.3.0':
    resolution: {integrity: sha512-ZhvHeknlicraKVSJBa1NrJnXDVByUkC407zwgELYfmnx3p9g8vwIPfQCxx8YD3K7dAeCdLuHJOHlpMfRsIcApQ==}

  '@fontsource-variable/fraunces@5.3.0':
    resolution: {integrity: sha512-9BYGySn4AHEJdgp9Z28tQ3X+laJMEOITXkQarZXeloWQZDq5oOvXJ3kDA8c7MGIfpogIaZfjrQBqmda8POOCKA==}

  '@fontsource-variable/inconsolata@5.3.0':
    resolution: {integrity: sha512-3sJ98aPp9rBWhlt+niNQaqaRd5vKo5M5unVWRm4L8g3E73pi5P8DIS4ZuPAtYi0bugDllZRSxrtfPxM17+P6gg==}

  '@fontsource-variable/inter@5.3.0':
    resolution: {integrity: sha512-OupL48va4JNofb97w6NYeF9S7W/kHNKM0Er8Dem5nqi4jeOLrVJDoE8tZEpnMJmtkvNbB1EIPPwHcdkF6b1oUA==}

  '@fontsource-variable/jost@5.3.0':
    resolution: {integrity: sha512-9FS8iBMJnfyPqQOi9dfMjSwYBIWd0kBD3/jl8VvtbIMY2pK+CSp3oAaTLS1V60rDoM7AfyPvuT+IUfJfGeCTKg==}

  '@fontsource-variable/lexend@5.3.0':
    resolution: {integrity: sha512-3SXtiZ8rFbT0oaPzEboCG5RM3jtyhpNxandh1jWNLqvrJRfV/eP3R+GGw+o5e3hS1uqmAGutKxSvaWG5oyrimA==}

  '@fontsource-variable/literata@5.3.0':
    resolution: {integrity: sha512-1Jw7xvOcoGyB83lxB2nG4bfNbqtX2/TTbdh9sHAOmU064SvmSdulDtA5RBu5JYWf64fdaKX7xU+z3GO1T2bCHA==}

  '@fontsource-variable/lora@5.3.0':
    resolution: {integrity: sha512-2ph8KiZ8Bn141hWuC3ErtpJ+Ui8p2MJQn8TJNRSRmLmnCIOCtHfiBM9R7WLRPeUG/q6hXyHOxWQ8DvRSX+ixvQ==}

  '@fontsource-variable/manrope@5.3.0':
    resolution: {integrity: sha512-6D5dgokHsWDDMtmXHznKa0hK229NN+1a4BLPmUCLqcO1Pw5EEhWY5RFt0AcXnVRAljFFPfRtLkJePQj6LSsV6g==}

  '@fontsource-variable/martian-mono@5.3.0':
    resolution: {integrity: sha512-0wVODx9ILwNnaYC4XCuSaFRYtj1Prd89MRVaSuv2ng6zLiQkS4SepaWEPefs7vqCZS8sbEOA8jb/4F5KNMnGdg==}

  '@fontsource-variable/merriweather@5.3.0':
    resolution: {integrity: sha512-wK7S4NtPXWUWll/sZCdub93pqSCnFkpKFbnoOE8fh+9Ut6JFjgkc9UlBxHJ0RVMkDpoWwGwMwYYTMvd3G9aAXA==}

  '@fontsource-variable/montserrat@5.3.0':
    resolution: {integrity: sha512-7PaZoxaxrWLAyrhO46v65An9LhUhfkTExWLhfbywYZCnZEgg/W1rEHnlNmZKjNZ3nJTVYyicqxlJt10z/26yTA==}

  '@fontsource-variable/newsreader@5.3.0':
    resolution: {integrity: sha512-rrzYi43qMpbzwuFtf9OkWH8sxAPVPcQQQEwXpPtwaKYeJ8yVg5aLs5kawmo1f2Q1t1M38TLmEKCkGVDsYwgdFw==}

  '@fontsource-variable/noto-sans@5.3.0':
    resolution: {integrity: sha512-e3ZuxzY9AL2psXPZlhwhnYrHUHv6PMoyK9MQ7croF0CUgURLqu9EMjW7q2FgVLwij1tjLsIHQrnwQ8aUcg4BiA==}

  '@fontsource-variable/noto-serif@5.3.0':
    resolution: {integrity: sha512-GxGAScLRifXH02gDoJGroO/NIX83It7m1TYPPp1bhNPaii6/+GBYKxl/uL5GabFe0PBfiUV92wA4MdMdEDUu6A==}

  '@fontsource-variable/open-sans@5.3.0':
    resolution: {integrity: sha512-VOfhZfLIOBVa6K/dTEu7scqQXYdGa4jBX8quFpQ0S6574B+W2EOBJf9PkqyVtMEI7WWIWNEbpvPc3vY1mN2mmQ==}

  '@fontsource-variable/oswald@5.3.0':
    resolution: {integrity: sha512-sSZzcTeaQGNyZbTVlS4tNNHElK38UktFLqKd6NQDLFCBV27320rQC3kXSZVytYm1PPjKmPxqVaGwqj7LEKUWQw==}

  '@fontsource-variable/outfit@5.3.0':
    resolution: {integrity: sha512-fPb5XnYK0k7SbR++HEmm4+ZqDszmLKQ+sPRUr8oQ/KNC0vy6r6hazJFe8iYozv4cqlHbvJ/JECkJWrfDodUMVQ==}

  '@fontsource-variable/playfair-display@5.3.0':
    resolution: {integrity: sha512-IHdzTvE8eGIXHteZql7KXoqdc3Gfm+Zs1u4XlSC3MeplkwviT3sx/P6gI0tLwg/xIYLF4ZJYveZ5V+bl9cnDwA==}

  '@fontsource-variable/plus-jakarta-sans@5.3.0':
    resolution: {integrity: sha512-/l/4r0yyWK9JzAlmA0LiYgGgmJe/Gswt4jTJEzr5QhJfwMbvJZDmYWyW0M4X7yCK69BajMVlV/Lx8g7WDc1+sw==}

  '@fontsource-variable/public-sans@5.3.0':
    resolution: {integrity: sha512-AVfkmAt50BMXWpOO21FAntiJFKGX6xTc2dSL8dxtDteONe9IuRXJWGbs0EbG955vAMCq23ENeuopuW87cGWDSQ==}

  '@fontsource-variable/quicksand@5.3.0':
    resolution: {integrity: sha512-EMyoXnGC0uIbjyHDB01MTJoQuODsMo7Q/4XLEwN97YJEeV1WIVFI0QBiW2exGnxvhnMHb+IwQ9E5QZDgGMWCHw==}

  '@fontsource-variable/raleway@5.3.0':
    resolution: {integrity: sha512-aSV2k+V6Zz+od0dHpBOzkVxEzmgEdiXcxDfant39jLOx+T89dielQRrZylukwK3Fp+FY255gPqz67ruOfs1rqA==}

  '@fontsource-variable/recursive@5.3.0':
    resolution: {integrity: sha512-4B4/lWCVeZgdbpJdIIU1sOVO/ECjjM673ohuxvyQ6uCK41TPlGzKRNokKY84noUgGYnpwc//MW4k2KrOMY19jQ==}

  '@fontsource-variable/red-hat-mono@5.3.0':
    resolution: {integrity: sha512-/mEvTCcruJY64xRgx1gsmsYuGR7MtOduOsuyeHVJ07p+2gGvCqROauIwaTCcVHL4eBGi+Lns4EUIjrPZLCn5gQ==}

  '@fontsource-variable/roboto-flex@5.3.0':
    resolution: {integrity: sha512-bOxckUy0qXNRjhV6e4pcHGSvptix4ZRD1uaj5Za8h+p3qrb2GL4U4TQdpVmPSy0SmqwldfD+JJqEKdF68EyiAw==}

  '@fontsource-variable/roboto-serif@5.3.0':
    resolution: {integrity: sha512-MOZEZkrYvhCPuUPsZeWzOeXPlEbfhHUgg7nPIiUWVZnJt3TF2CU1Gpavlf1YIjl0SejsD0OJOExAYXg48D47bw==}

  '@fontsource-variable/rubik@5.3.0':
    resolution: {integrity: sha512-yQUf8qle24MJYA+EuauyF+cqjjN6I715nGjitt3sGmwZA0XfA4fWJcLq1C/diREZl4Qzn1E80nLMc0ipC/a4Lg==}

  '@fontsource-variable/saira@5.3.0':
    resolution: {integrity: sha512-C1rm7n1OuEx4Se/SAB/5EeUuCviGFFnYTr5vxuQQm2YIOfgbQWx/P6qqhdXlVCBRm/1UzNWCtDK5jNbVmO6W2w==}

  '@fontsource-variable/shantell-sans@5.3.0':
    resolution: {integrity: sha512-FPdHvSi6cngE/DMVCm7Xlls70U0b4/NMJLlcAPvVoq6eot1X8tNOZMRc22Rh9KoAfmmBz7yjsSXvpsYmkhXXVQ==}

  '@fontsource-variable/sora@5.3.0':
    resolution: {integrity: sha512-h8kHta4Z8SkfUGeI82TUy1n3rbrKpBRGwuk4t4qCwto5oEHxlbOFD2yGP+Df5fbmTXwKGn+o667vYp0E4K8Whw==}

  '@fontsource-variable/source-sans-3@5.3.0':
    resolution: {integrity: sha512-dpi0GZk7EQe2tYpg6Q0Fx0OmUgnuGu+0rHPgtXqtKhglYmJuP7jZ12Mu1uN+NfRaJRY1Emn8AQJEWzmoZ4wa9g==}

  '@fontsource-variable/source-serif-4@5.3.0':
    resolution: {integrity: sha512-9vch9WqxjaaA+1o9Ur8pOgIGbCYLjRReOUel23A6lOpD1syptgjtkORevvNmldJ5kGXQL29onQUqI5Ltz0s3bQ==}

  '@fontsource-variable/space-grotesk@5.3.0':
    resolution: {integrity: sha512-2IxmvfB08i9vnGB3Ym/AXvhRE+8XOjWMXIyDum03c+tPwH0FUoMNQfGpU8NXPxjbws0Vvss3AH0Zqt4oJBBAdw==}

  '@fontsource-variable/spline-sans-mono@5.3.0':
    resolution: {integrity: sha512-dH/qBj/MCE4ObiuCwlA9X1o3AftMO9dwfFgoRVYjy6VCPYkpWAlEtK/RjeyICgsR8rW763IAQARskVgShBY5JA==}

  '@fontsource-variable/vollkorn@5.3.0':
    resolution: {integrity: sha512-EYzMw2FGZXrR6oB7A3/pck3HY2ZjIGfoTFIZV5OsXexLu0nqPELuCmOoS7oQiQ6TkNjlQ3UgUIU24tNvxEKzcw==}

  '@fontsource-variable/work-sans@5.3.0':
    resolution: {integrity: sha512-le8h/OIIuhm5Z7TdvuMw0yKg2gaCZUiMec8zaumsVVjzeJRBPEF0bQI/MkaZDHCVzZDvZoP/O2LiGOSfDLSbaw==}

  '@fontsource/dm-serif-display@5.3.0':
    resolution: {integrity: sha512-ecRclUcYeto9fB7ghkB36H4MtUoaUYFjjornWYYeLCMHzaWEDPk2kIWgZOq0mKBNRxclRSieKcFeLonlMYDTKg==}

  '@fontsource/ibm-plex-mono@5.3.0':
    resolution: {integrity: sha512-eTgnZjZEGk1QtD3ZstF+Vclo2HLAni8YMy34/DxllwZvyz1lR/1RF/xTiAquOBO7MvqBx8D2Ig2WCPMVfdZu7Q==}

  '@fontsource/ibm-plex-sans@5.3.0':
    resolution: {integrity: sha512-CbE4CbbEEZJX860XyUiRpsksXIQR8Rp2XDva2VO53NJox9tVNtusrysd2x5YkUEY3ErQ66W1IiiQL8/wihhw5w==}

  '@fontsource/ibm-plex-serif@5.3.0':
    resolution: {integrity: sha512-zwPfHB7EJbS5B8qnitPigJYzNdnt6PUeaoOA1gAAt//1pjpTVZN5sOU14NIAZ+C1xypL6GWsUG2VMYJW9bhJqQ==}

  '@fontsource/libre-baskerville@5.3.0':
    resolution: {integrity: sha512-IA6OLq36/JWMX70Fha15sri2qWsijFh7hgdDXCRZHjKUHtWarLQoiGilvm7iMqm7HiYFEv9acF3+IuRHO9kUiA==}

  '@fontsource/ubuntu@5.3.0':
    resolution: {integrity: sha512-LsjJXgE430QLs8LKfn1RIFbbdGAiZBU1gao8ASa4Z2kGNGh7lMb7Rzx09v3bLLuuK+3XA/JSLgPWTAbLD6r1fg==}

  '@protobufjs/aspromise@1.1.2':
    resolution: {integrity: sha512-j+gKExEuLmKwvz3OgROXtrJ2UG2x8Ch2YZUxahh+s1F2HZ+wAceUNLkvy6zKCPVRkU++ZWQrdxsUeQXmcg4uoQ==}

  '@protobufjs/base64@1.1.2':
    resolution: {integrity: sha512-AZkcAA5vnN/v4PDqKyMR5lx7hZttPDgClv83E//FMNhR2TMcLUhfRUBHCmSl0oi9zMgDDqRUJkSxO3wm85+XLg==}

  '@protobufjs/codegen@2.0.5':
    resolution: {integrity: sha512-zgXFLzW3Ap33e6d0Wlj4MGIm6Ce8O89n/apUaGNB/jx+hw+ruWEp7EwGUshdLKVRCxZW12fp9r40E1mQrf/34g==}

  '@protobufjs/eventemitter@1.1.1':
    resolution: {integrity: sha512-vW1GmwMZNnL+gMRaovlh9yZX74kc+TTU3FObkkurpMaRtBfLP3ldjS9KQWlwZgraRE0+dheEEoAxdzcJQ8eXZg==}

  '@protobufjs/fetch@1.1.1':
    resolution: {integrity: sha512-GpptLrs57adMSuHi3VNj0mAF8dwh36LMaYF6XyJ6JMWlVsc+t42tm1HSEDmOs3A8fC9yyeisgLhsTVQokOZ0zw==}

  '@protobufjs/float@1.0.2':
    resolution: {integrity: sha512-Ddb+kVXlXst9d+R9PfTIxh1EdNkgoRe5tOX6t01f1lYWOvJnSPDBlG241QLzcyPdoNTsblLUdujGSE4RzrTZGQ==}

  '@protobufjs/path@1.1.2':
    resolution: {integrity: sha512-6JOcJ5Tm08dOHAbdR3GrvP+yUUfkjG5ePsHYczMFLq3ZmMkAD98cDgcT2iA1lJ9NVwFd4tH/iSSoe44YWkltEA==}

  '@protobufjs/pool@1.1.0':
    resolution: {integrity: sha512-0kELaGSIDBKvcgS4zkjz1PeddatrjYcmMWOlAuAPwAeccUrPHdUqo/J6LiymHHEiJT5NrF1UVwxY14f+fy4WQw==}

  '@protobufjs/utf8@1.1.2':
    resolution: {integrity: sha512-b1UQwcEZ4yCnMCD8DAL1VlbvBJE9/IX4FTIp7BG1xYpf29SLazLSrqUkj4w7Y5y7cCVP6E5tcqqcI0xemPkHug==}

  '@types/node@26.4.1':
    resolution: {integrity: sha512-k97ENvZWtvA6yqz5/FS6a7duDgOPEeOQOc2iKS/nY6mX6qJUKtLnWzQS+Xj6tXweyj6ZcTAK2Qecetnvi9nCLA==}

  base64-js@1.5.1:
    resolution: {integrity: sha512-AKpaYlHn8t4SVbOHCy+b5+KKgvR4vrsD8vbvrbiQJps7fKDTkjkDry6ji0rUJjC0kzbNePLwzxq8iypo41qeWA==}

  buffer@6.0.3:
    resolution: {integrity: sha512-FTiCpNxtwiZZHEZbcbTIcZjERVICn9yq/pDFkTl95/AxzD1naBctN7YO68riM/gLSDY7sdrMby8hofADYuuqOA==}

  change-case@5.4.4:
    resolution: {integrity: sha512-HRQyTk2/YPEkt9TnUPbOpr64Uw3KOicFWPVBb+xiHvd6eBx/qPr9xqfBFDT8P2vWsvvz4jbEkfDe71W3VyNu2w==}

  cn-font-split@7.4.0:
    resolution: {integrity: sha512-2BcVqIz3RpTjKIueAng6AtquyWRlKmUlHomcCSC6QOYUxsILFfnZldmFSqiL/c5mvEPixZ5hpItiT/6vrnafsQ==}
    hasBin: true

  commander@12.1.0:
    resolution: {integrity: sha512-Vw8qHK3bZM9y/P10u3Vib8o/DdkvA2OtPtZvD871QKjy74Wj1WSKFILMPRPSdUSx5RFK1arlJzEtA4PkFgnbuA==}
    engines: {node: '>=18'}

  commander@13.1.0:
    resolution: {integrity: sha512-/rFeCpNJQbhSZjGVwO9RFV3xPqbnERS8MmIQzCtD/zl6gpJuV/bMLuN92oG3F7d8oDEHHRrujSXNUr8fpjntKw==}
    engines: {node: '>=18'}

  fs-extra@11.4.0:
    resolution: {integrity: sha512-EQsFzMUJkCKGr1ePqlYADkIUmHW1s3ZXr5Yqy6wbGrfUCphpl2maM/kyOIRA2HpP3AaFQTZXD4ldjek+nccddA==}
    engines: {node: '>=14.14'}

  google-protobuf@3.21.4:
    resolution: {integrity: sha512-MnG7N936zcKTco4Jd2PX2U96Kf9PxygAPKBug+74LHzmHXmceN16MmRcdgZv+DGef/S9YvQAfRsNCn4cjf9yyQ==}

  graceful-fs@4.2.11:
    resolution: {integrity: sha512-RbJ5/jmFcNNCcDV5o9eTnBLJ/HszWV0P73bc+Ff4nS/rJj+YaS6IGyiOL0VoBYX+l1Wrl3k63h/KrH+nhJ0XvQ==}

  ieee754@1.2.1:
    resolution: {integrity: sha512-dcyqhDvX1C46lXZcVqCpK+FtMRQVdIMN6/Df5js2zouUsqG7I6sFxitIC+7KYK29KdXOLHdu9zL4sFnoVQnqaA==}

  is-plain-object@2.0.4:
    resolution: {integrity: sha512-h5PpgXkWitc38BBMYawTYMWJHFZJVnBquFE57xFpjB8pJFiF6gZ+bU+WyI/yqXiFR5mdLsgYNaPe8uao6Uv9Og==}
    engines: {node: '>=0.10.0'}

  is-primitive@3.0.1:
    resolution: {integrity: sha512-GljRxhWvlCNRfZyORiH77FwdFwGcMO620o37EOYC0ORWdq+WYNVqW0w2Juzew4M+L81l6/QS3t5gkkihyRqv9w==}
    engines: {node: '>=0.10.0'}

  isobject@3.0.1:
    resolution: {integrity: sha512-WhB9zCku7EGTj/HQQRz5aUQEUeoQZH2bWcltRErOpymJ4boYE6wL9Tbr23krRPSZ+C5zqNSrSw+Cc7sZZ4b7vg==}
    engines: {node: '>=0.10.0'}

  jsonfile@6.2.1:
    resolution: {integrity: sha512-zwOTdL3rFQ/lRdBnntKVOX6k5cKJwEc1HdilT71BWEu7J41gXIB2MRp+vxduPSwZJPWBxEzv4yH1wYLJGUHX4Q==}

  koffi@2.10.0:
    resolution: {integrity: sha512-TkCU8t2KE/ZcWGh87nRvqMPg0p2t+MXCz/6zAmQohf2UKyVPjGnx0suY88EeQbrP9aIMDVqgUu2j9phy/srqng==}

  long@5.3.2:
    resolution: {integrity: sha512-mNAgZ1GmyNhD7AuqnTG3/VQ26o760+ZYBPKjPvugO8+nLbYfX6TVpJPseBvopbdY+qpZ/lKUnmEc1LeZYS3QAA==}

  proto-to-cli@1.2.1:
    resolution: {integrity: sha512-Wga68qpLWHad9ZmC+gORp+ZxyzFb6I+nfwFoZyJw8rSGlEHr9XhH4mzDQ0fWqCbECKZBBVneaLR8ZUI5TLBPSA==}
    hasBin: true

  protobufjs@7.6.6:
    resolution: {integrity: sha512-dYDWdjSl5RNb7SgPxGQcRU+GtvP7s2fpkrY0r432PcOIaZ0/rBcxEZnQN67iJhFuQiVw754JDoPruPCNdGsbjg==}
    engines: {node: '>=12.0.0'}

  set-value@4.1.0:
    resolution: {integrity: sha512-zTEg4HL0RwVrqcWs3ztF+x1vkxfm0lP+MQQFPiMJTKVceBwEV0A569Ou8l9IYQG8jOZdMVI1hGsc0tmeD2o/Lw==}
    engines: {node: '>=11.0'}

  undici-types@8.3.0:
    resolution: {integrity: sha512-j375ScV60dom+YkPFIfTLcOiPxkN/buHz5GobjLhixFuANaNs3C9l4GmrWqejgXWJ7BbJcFYpTEUkS1Ge8bpZQ==}

  universalify@2.0.1:
    resolution: {integrity: sha512-gptHNQghINnc/vTGIk0SOFGFNXw7JVrlRUtConJRlvaw6DuX0wO5Jeko9sWrMBhh+PsYAZ7oXAiOnf/UKogyiw==}
    engines: {node: '>= 10.0.0'}

snapshots:

  '@fontsource-variable/anybody@5.3.0': {}

  '@fontsource-variable/archivo@5.3.0': {}

  '@fontsource-variable/bitter@5.3.0': {}

  '@fontsource-variable/bodoni-moda@5.3.0': {}

  '@fontsource-variable/cascadia-mono@5.3.0': {}

  '@fontsource-variable/caveat@5.3.0': {}

  '@fontsource-variable/cormorant@5.3.0': {}

  '@fontsource-variable/crimson-pro@5.3.0': {}

  '@fontsource-variable/darker-grotesque@5.3.0': {}

  '@fontsource-variable/dm-sans@5.3.0': {}

  '@fontsource-variable/eb-garamond@5.3.0': {}

  '@fontsource-variable/epilogue@5.3.0': {}

  '@fontsource-variable/figtree@5.3.0': {}

  '@fontsource-variable/fira-code@5.3.0': {}

  '@fontsource-variable/fraunces@5.3.0': {}

  '@fontsource-variable/inconsolata@5.3.0': {}

  '@fontsource-variable/inter@5.3.0': {}

  '@fontsource-variable/jost@5.3.0': {}

  '@fontsource-variable/lexend@5.3.0': {}

  '@fontsource-variable/literata@5.3.0': {}

  '@fontsource-variable/lora@5.3.0': {}

  '@fontsource-variable/manrope@5.3.0': {}

  '@fontsource-variable/martian-mono@5.3.0': {}

  '@fontsource-variable/merriweather@5.3.0': {}

  '@fontsource-variable/montserrat@5.3.0': {}

  '@fontsource-variable/newsreader@5.3.0': {}

  '@fontsource-variable/noto-sans@5.3.0': {}

  '@fontsource-variable/noto-serif@5.3.0': {}

  '@fontsource-variable/open-sans@5.3.0': {}

  '@fontsource-variable/oswald@5.3.0': {}

  '@fontsource-variable/outfit@5.3.0': {}

  '@fontsource-variable/playfair-display@5.3.0': {}

  '@fontsource-variable/plus-jakarta-sans@5.3.0': {}

  '@fontsource-variable/public-sans@5.3.0': {}

  '@fontsource-variable/quicksand@5.3.0': {}

  '@fontsource-variable/raleway@5.3.0': {}

  '@fontsource-variable/recursive@5.3.0': {}

  '@fontsource-variable/red-hat-mono@5.3.0': {}

  '@fontsource-variable/roboto-flex@5.3.0': {}

  '@fontsource-variable/roboto-serif@5.3.0': {}

  '@fontsource-variable/rubik@5.3.0': {}

  '@fontsource-variable/saira@5.3.0': {}

  '@fontsource-variable/shantell-sans@5.3.0': {}

  '@fontsource-variable/sora@5.3.0': {}

  '@fontsource-variable/source-sans-3@5.3.0': {}

  '@fontsource-variable/source-serif-4@5.3.0': {}

  '@fontsource-variable/space-grotesk@5.3.0': {}

  '@fontsource-variable/spline-sans-mono@5.3.0': {}

  '@fontsource-variable/vollkorn@5.3.0': {}

  '@fontsource-variable/work-sans@5.3.0': {}

  '@fontsource/dm-serif-display@5.3.0': {}

  '@fontsource/ibm-plex-mono@5.3.0': {}

  '@fontsource/ibm-plex-sans@5.3.0': {}

  '@fontsource/ibm-plex-serif@5.3.0': {}

  '@fontsource/libre-baskerville@5.3.0': {}

  '@fontsource/ubuntu@5.3.0': {}

  '@protobufjs/aspromise@1.1.2': {}

  '@protobufjs/base64@1.1.2': {}

  '@protobufjs/codegen@2.0.5': {}

  '@protobufjs/eventemitter@1.1.1': {}

  '@protobufjs/fetch@1.1.1':
    dependencies:
      '@protobufjs/aspromise': 1.1.2

  '@protobufjs/float@1.0.2': {}

  '@protobufjs/path@1.1.2': {}

  '@protobufjs/pool@1.1.0': {}

  '@protobufjs/utf8@1.1.2': {}

  '@types/node@26.4.1':
    dependencies:
      undici-types: 8.3.0

  base64-js@1.5.1: {}

  buffer@6.0.3:
    dependencies:
      base64-js: 1.5.1
      ieee754: 1.2.1

  change-case@5.4.4: {}

  cn-font-split@7.4.0:
    dependencies:
      buffer: 6.0.3
      commander: 12.1.0
      fs-extra: 11.4.0
      google-protobuf: 3.21.4
      koffi: 2.10.0
      proto-to-cli: 1.2.1
      set-value: 4.1.0

  commander@12.1.0: {}

  commander@13.1.0: {}

  fs-extra@11.4.0:
    dependencies:
      graceful-fs: 4.2.11
      jsonfile: 6.2.1
      universalify: 2.0.1

  google-protobuf@3.21.4: {}

  graceful-fs@4.2.11: {}

  ieee754@1.2.1: {}

  is-plain-object@2.0.4:
    dependencies:
      isobject: 3.0.1

  is-primitive@3.0.1: {}

  isobject@3.0.1: {}

  jsonfile@6.2.1:
    dependencies:
      universalify: 2.0.1
    optionalDependencies:
      graceful-fs: 4.2.11

  koffi@2.10.0: {}

  long@5.3.2: {}

  proto-to-cli@1.2.1:
    dependencies:
      change-case: 5.4.4
      commander: 13.1.0
      fs-extra: 11.4.0
      protobufjs: 7.6.6

  protobufjs@7.6.6:
    dependencies:
      '@protobufjs/aspromise': 1.1.2
      '@protobufjs/base64': 1.1.2
      '@protobufjs/codegen': 2.0.5
      '@protobufjs/eventemitter': 1.1.1
      '@protobufjs/fetch': 1.1.1
      '@protobufjs/float': 1.0.2
      '@protobufjs/path': 1.1.2
      '@protobufjs/pool': 1.1.0
      '@protobufjs/utf8': 1.1.2
      '@types/node': 26.4.1
      long: 5.3.2

  set-value@4.1.0:
    dependencies:
      is-plain-object: 2.0.4
      is-primitive: 3.0.1

  undici-types@8.3.0: {}

  universalify@2.0.1: {}
